<?xml version="1.0" encoding="utf-8"?>
<Project ToolsVersion="4.0" xmlns="http://schemas.microsoft.com/developer/msbuild/2003">
  <ItemGroup>
    <Filter Include="Source Files">
      <UniqueIdentifier>{4FC737F1-C7A5-4376-A066-2A32D752A2FF}</UniqueIdentifier>
      <Extensions>cpp;c;cc;cxx;c++;cppm;ixx;def;odl;idl;hpj;bat;asm;asmx</Extensions>
    </Filter>
    <Filter Include="Header Files">
      <UniqueIdentifier>{93995380-89BD-4b04-88EB-625FBE52EBFB}</UniqueIdentifier>
      <Extensions>h;hh;hpp;hxx;h++;hm;inl;inc;ipp;xsd</Extensions>
    </Filter>
    <Filter Include="Resource Files">
      <UniqueIdentifier>{67DA6AB6-F800-4c08-8B7A-83BB121AAD01}</UniqueIdentifier>
      <Extensions>rc;ico;cur;bmp;dlg;rc2;rct;bin;rgs;gif;jpg;jpeg;jpe;resx;tiff;tif;png;wav;mfcribbon-ms</Extensions>
    </Filter>
    <Filter Include="Resource Files\assets">
      <UniqueIdentifier>{e71b22f5-615f-440b-8722-4e2620bda5a2}</UniqueIdentifier>
    </Filter>
    <Filter Include="Header Files\GameObjects">
      <UniqueIdentifier>{53c325b1-5d76-45e3-90bd-c64b0d984edb}</UniqueIdentifier>
    </Filter>
  </ItemGroup>
  <ItemGroup>
    <ClCompile Include="main.cpp">
      <Filter>Source Files</Filter>
    </ClCompile>
    <ClCompile Include="Mushroom.cpp">
      <Filter>Source Files</Filter>
    </ClCompile>
    <ClCompile Include="Player.cpp">
      <Filter>Source Files</Filter>
    </ClCompile>
    <ClCompile Include="Flea.cpp">
      <Filter>Source Files</Filter>
    </ClCompile>
    <ClCompile Include="CentipedeHead.cpp">
      <Filter>Source Files</Filter>
    </ClCompile>
    <ClCompile Include="GameWrapper.cpp">
      <Filter>Source Files</Filter>
    </ClCompile>
    <ClCompile Include="GameObject.cpp">
      <Filter>Source Files</Filter>
    </ClCompile>
    <ClCompile Include="Bullet.cpp">
      <Filter>Source Files</Filter>
    </ClCompile>
    <ClCompile Include="Grid.cpp">
      <Filter>Source Files</Filter>
    </ClCompile>
    <ClCompile Include="Spider.cpp">
      <Filter>Source Files</Filter>
    </ClCompile>
  </ItemGroup>
  <ItemGroup>
    <ClInclude Include="GameObject.hpp">
      <Filter>Header Files</Filter>
    </ClInclude>
    <ClInclude Include="Centipede.hpp">
      <Filter>Header Files</Filter>
    </ClInclude>
    <ClInclude Include="GameWrapper.hpp">
      <Filter>Header Files</Filter>
    </ClInclude>
    <ClInclude Include="Grid.hpp">
      <Filter>Header Files</Filter>
    </ClInclude>
    <ClInclude Include="Bullet.hpp">
      <Filter>Header Files\GameObjects</Filter>
    </ClInclude>
    <ClInclude Include="CentipedeBody.hpp">
      <Filter>Header Files\GameObjects</Filter>
    </ClInclude>
    <ClInclude Include="CentipedeHead.hpp">
      <Filter>Header Files\GameObjects</Filter>
    </ClInclude>
    <ClInclude Include="Flea.hpp">
      <Filter>Header Files\GameObjects</Filter>
    </ClInclude>
    <ClInclude Include="Mushroom.hpp">
      <Filter>Header Files\GameObjects</Filter>
    </ClInclude>
    <ClInclude Include="Spider.hpp">
      <Filter>Header Files\GameObjects</Filter>
    </ClInclude>
    <ClInclude Include="Player.hpp">
      <Filter>Header Files\GameObjects</Filter>
    </ClInclude>
  </ItemGroup>
  <ItemGroup>
    <Image Include="assets\CEN_1BODY.png">
      <Filter>Resource Files\assets</Filter>
    </Image>
    <Image Include="assets\CEN_1HEAD.png">
      <Filter>Resource Files\assets</Filter>
    </Image>
    <Image Include="assets\CEN_1SHRM.png">
      <Filter>Resource Files\assets</Filter>
    </Image>
    <Image Include="assets\CEN_1SHTR.png">
      <Filter>Resource Files\assets</Filter>
    </Image>
    <Image Include="assets\CEN_2BODY.png">
      <Filter>Resource Files\assets</Filter>
    </Image>
    <Image Include="assets\CEN_2HEAD.png">
      <Filter>Resource Files\assets</Filter>
    </Image>
    <Image Include="assets\CEN_2SHRM.png">
      <Filter>Resource Files\assets</Filter>
    </Image>
    <Image Include="assets\CEN_2SHTR.png">
      <Filter>Resource Files\assets</Filter>
    </Image>
    <Image Include="assets\CEN_3BODY.png">
      <Filter>Resource Files\assets</Filter>
    </Image>
    <Image Include="assets\CEN_3HEAD.png">
      <Filter>Resource Files\assets</Filter>
    </Image>
    <Image Include="assets\CEN_3SHRM.png">
      <Filter>Resource Files\assets</Filter>
    </Image>
    <Image Include="assets\CEN_3SHTR.png">
      <Filter>Resource Files\assets</Filter>
    </Image>
    <Image Include="assets\CEN_4BODY.png">
      <Filter>Resource Files\assets</Filter>
    </Image>
    <Image Include="assets\CEN_4HEAD.png">
      <Filter>Resource Files\assets</Filter>
    </Image>
    <Image Include="assets\CEN_4SHRM.png">
      <Filter>Resource Files\assets</Filter>
    </Image>
    <Image Include="assets\CEN_4SHTR.png">
      <Filter>Resource Files\assets</Filter>
    </Image>
    <Image Include="assets\CEN_5BODY.png">
      <Filter>Resource Files\assets</Filter>
    </Image>
    <Image Include="assets\CEN_5HEAD.png">
      <Filter>Resource Files\assets</Filter>
    </Image>
    <Image Include="assets\CEN_5SHRM.png">
      <Filter>Resource Files\assets</Filter>
    </Image>
    <Image Include="assets\CEN_5SHTR.png">
      <Filter>Resource Files\assets</Filter>
    </Image>
    <Image Include="assets\CEN_6BODY.png">
      <Filter>Resource Files\assets</Filter>
    </Image>
    <Image Include="assets\CEN_6HEAD.png">
      <Filter>Resource Files\assets</Filter>
    </Image>
    <Image Include="assets\CEN_6SHRM.png">
      <Filter>Resource Files\assets</Filter>
    </Image>
    <Image Include="assets\CEN_6SHTR.png">
      <Filter>Resource Files\assets</Filter>
    </Image>
    <Image Include="assets\CEN_7BODY.png">
      <Filter>Resource Files\assets</Filter>
    </Image>
    <Image Include="assets\CEN_7HEAD.png">
      <Filter>Resource Files\assets</Filter>
    </Image>
    <Image Include="assets\CEN_7SHRM.png">
      <Filter>Resource Files\assets</Filter>
    </Image>
    <Image Include="assets\CEN_7SHTR.png">
      <Filter>Resource Files\assets</Filter>
    </Image>
    <Image Include="assets\CEN_8BODY.png">
      <Filter>Resource Files\assets</Filter>
    </Image>
    <Image Include="assets\CEN_8HEAD.png">
      <Filter>Resource Files\assets</Filter>
    </Image>
    <Image Include="assets\CEN_8SHRM.png">
      <Filter>Resource Files\assets</Filter>
    </Image>
    <Image Include="assets\CEN_8SHTR.png">
      <Filter>Resource Files\assets</Filter>
    </Image>
    <Image Include="assets\CEN_1FLEA.png">
      <Filter>Resource Files\assets</Filter>
    </Image>
    <Image Include="assets\CEN_8FLEA.png">
      <Filter>Resource Files\assets</Filter>
    </Image>
    <Image Include="assets\CEN_7FLEA.png">
      <Filter>Resource Files\assets</Filter>
    </Image>
    <Image Include="assets\CEN_6FLEA.png">
      <Filter>Resource Files\assets</Filter>
    </Image>
    <Image Include="assets\CEN_5FLEA.png">
      <Filter>Resource Files\assets</Filter>
    </Image>
    <Image Include="assets\CEN_4FLEA.png">
      <Filter>Resource Files\assets</Filter>
    </Image>
    <Image Include="assets\CEN_3FLEA.png">
      <Filter>Resource Files\assets</Filter>
    </Image>
    <Image Include="assets\CEN_2FLEA.png">
      <Filter>Resource Files\assets</Filter>
    </Image>
    <Image Include="assets\CEN_1SPDR.png">
      <Filter>Resource Files\assets</Filter>
    </Image>
    <Image Include="assets\CEN_8SPDR.png">
      <Filter>Resource Files\assets</Filter>
    </Image>
    <Image Include="assets\CEN_7SPDR.png">
      <Filter>Resource Files\assets</Filter>
    </Image>
    <Image Include="assets\CEN_6SPDR.png">
      <Filter>Resource Files\assets</Filter>
    </Image>
    <Image Include="assets\CEN_5SPDR.png">
      <Filter>Resource Files\assets</Filter>
    </Image>
    <Image Include="assets\CEN_4SPDR.png">
      <Filter>Resource Files\assets</Filter>
    </Image>
    <Image Include="assets\CEN_3SPDR.png">
      <Filter>Resource Files\assets</Filter>
    </Image>
    <Image Include="assets\CEN_2SPDR.png">
      <Filter>Resource Files\assets</Filter>
    </Image>
    <Image Include="assets\CEN_1BLLT.png">
      <Filter>Resource Files\assets</Filter>
    </Image>
    <Image Include="assets\CEN_8BLLT.png">
      <Filter>Resource Files\assets</Filter>
    </Image>
    <Image Include="assets\CEN_7BLLT.png">
      <Filter>Resource Files\assets</Filter>
    </Image>
    <Image Include="assets\CEN_6BLLT.png">
      <Filter>Resource Files\assets</Filter>
    </Image>
    <Image Include="assets\CEN_5BLLT.png">
      <Filter>Resource Files\assets</Filter>
    </Image>
    <Image Include="assets\CEN_4BLLT.png">
      <Filter>Resource Files\assets</Filter>
    </Image>
    <Image Include="assets\CEN_3BLLT.png">
      <Filter>Resource Files\assets</Filter>
    </Image>
    <Image Include="assets\CEN_2BLLT.png">
      <Filter>Resource Files\assets</Filter>
    </Image>
  </ItemGroup>
</Project>