<?xml version="1.0" encoding="utf-8"?>
<Project ToolsVersion="4.0" xmlns="http://schemas.microsoft.com/developer/msbuild/2003">
  <ItemGroup>
    <ClCompile Include="CentipedeHead.cpp" />
    <ClCompile Include="Flea.cpp" />
    <ClCompile Include="main.cpp" />
    <ClCompile Include="Mushroom.cpp" />
    <ClCompile Include="Player.cpp" />
    <ClCompile Include="Spider.cpp" />
    <ClCompile Include="Bullet.cpp" />
    <ClCompile Include="GameWrapper.cpp" />
  </ItemGroup>
  <ItemGroup>
    <ClCompile Include="main.cpp">
      <Filter>Source Files</Filter>
    </ClCompile>
    <ClCompile Include="Mushroom.cpp">
      <Filter>Source Files</Filter>
    </ClCompile>
    <ClCompile Include="Player.cpp">
      <Filter>Source Files</Filter>
    </ClCompile>
    <ClCompile Include="Flea.cpp">
      <Filter>Source Files</Filter>
    </ClCompile>
    <ClCompile Include="CentipedeHead.cpp">
      <Filter>Source Files</Filter>
    </ClCompile>
    <ClCompile Include="GameWrapper.cpp">
      <Filter>Source Files</Filter>
    </ClCompile>
    <ClCompile Include="GameObject.cpp">
      <Filter>Source Files</Filter>
    </ClCompile>
  </ItemGroup>
  <ItemGroup>
    <Image Include="..\..\..\..\Downloads\New folder\CEN_1FLEA.png" />
    <Image Include="..\..\..\..\Downloads\New folder\CEN_1SPDR.png" />
    <Image Include="..\..\..\..\Downloads\New folder\CEN_2FLEA.png" />
    <Image Include="..\..\..\..\Downloads\New folder\CEN_2SPDR.png" />
    <Image Include="..\..\..\..\Downloads\New folder\CEN_3FLEA.png" />
    <Image Include="..\..\..\..\Downloads\New folder\CEN_3SPDR.png" />
    <Image Include="..\..\..\..\Downloads\New folder\CEN_4FLEA.png" />
    <Image Include="..\..\..\..\Downloads\New folder\CEN_4SPDR.png" />
    <Image Include="..\..\..\..\Downloads\New folder\CEN_5FLEA.png" />
    <Image Include="..\..\..\..\Downloads\New folder\CEN_5SPDR.png" />
    <Image Include="..\..\..\..\Downloads\New folder\CEN_6FLEA.png" />
    <Image Include="..\..\..\..\Downloads\New folder\CEN_6SPDR.png" />
    <Image Include="..\..\..\..\Downloads\New folder\CEN_7FLEA.png" />
    <Image Include="..\..\..\..\Downloads\New folder\CEN_7SPDR.png" />
    <Image Include="..\..\..\..\Downloads\New folder\CEN_8FLEA.png" />
    <Image Include="..\..\..\..\Downloads\New folder\CEN_8SPDR.png" />
    <Image Include="..\..\..\..\Downloads\temp\CEN_1BLLT.png" />
    <Image Include="..\..\..\..\Downloads\temp\CEN_2BLLT.png" />
    <Image Include="..\..\..\..\Downloads\temp\CEN_3BLLT.png" />
    <Image Include="..\..\..\..\Downloads\temp\CEN_4BLLT.png" />
    <Image Include="..\..\..\..\Downloads\temp\CEN_5BLLT.png" />
    <Image Include="..\..\..\..\Downloads\temp\CEN_6BLLT.png" />
    <Image Include="..\..\..\..\Downloads\temp\CEN_7BLLT.png" />
    <Image Include="..\..\..\..\Downloads\temp\CEN_8BLLT.png" />
    <Image Include="assets\CEN_1BODY.png" />
    <Image Include="assets\CEN_1HEAD.png" />
    <Image Include="assets\CEN_1SHRM.png" />
    <Image Include="assets\CEN_1SHTR.png" />
    <Image Include="assets\CEN_2BODY.png" />
    <Image Include="assets\CEN_2HEAD.png" />
    <Image Include="assets\CEN_2SHRM.png" />
    <Image Include="assets\CEN_2SHTR.png" />
    <Image Include="assets\CEN_3BODY.png" />
    <Image Include="assets\CEN_3HEAD.png" />
    <Image Include="assets\CEN_3SHRM.png" />
    <Image Include="assets\CEN_3SHTR.png" />
    <Image Include="assets\CEN_4BODY.png" />
    <Image Include="assets\CEN_4HEAD.png" />
    <Image Include="assets\CEN_4SHRM.png" />
    <Image Include="assets\CEN_4SHTR.png" />
    <Image Include="assets\CEN_5BODY.png" />
    <Image Include="assets\CEN_5HEAD.png" />
    <Image Include="assets\CEN_5SHRM.png" />
    <Image Include="assets\CEN_5SHTR.png" />
    <Image Include="assets\CEN_6BODY.png" />
    <Image Include="assets\CEN_6HEAD.png" />
    <Image Include="assets\CEN_6SHRM.png" />
    <Image Include="assets\CEN_6SHTR.png" />
    <Image Include="assets\CEN_7BODY.png" />
    <Image Include="assets\CEN_7HEAD.png" />
    <Image Include="assets\CEN_7SHRM.png" />
    <Image Include="assets\CEN_7SHTR.png" />
    <Image Include="assets\CEN_8BODY.png" />
    <Image Include="assets\CEN_8HEAD.png" />
    <Image Include="assets\CEN_8SHRM.png" />
    <Image Include="assets\CEN_8SHTR.png" />
  </ItemGroup>
</Project>